hash: 10a016931be7fdebcc1719f1b4170c2574c62e9b74c2959e24613097569cf40a
updated: 2016-09-28T21:13:16.852453087+02:00
imports:
- name: github.com/NYTimes/gziphandler
  version: f6438dbf4a82c56684964b03956aa727b0d7816b
- name: github.com/wader/disable_sendfile_vbox_linux
  version: 87a76f47056a51952b3ad9c0e8ffc281008ef770
devImports: []
